
Microsoft Visual Studio Solution File, Format Version 11.00
# Visual Studio 2010
Project("{8BC9CEB8-8B4A-11D0-8D11-00A0C91BC942}") = "NPR_hw1", "NPR_hw1\NPR_hw1.vcxproj", "{27B3D3C4-9924-44D3-B5E8-53E83391B5B9}"
EndProject
Global
	GlobalSection(SolutionConfigurationPlatforms) = preSolution
		Debug|Win32 = Debug|Win32
		Release|Win32 = Release|Win32
	EndGlobalSection
	GlobalSection(ProjectConfigurationPlatforms) = postSolution
		{27B3D3C4-9924-44D3-B5E8-53E83391B5B9}.Debug|Win32.ActiveCfg = Debug|Win32
		{27B3D3C4-9924-44D3-B5E8-53E83391B5B9}.Debug|Win32.Build.0 = Debug|Win32
		{27B3D3C4-9924-44D3-B5E8-53E83391B5B9}.Release|Win32.ActiveCfg = Release|Win32
		{27B3D3C4-9924-44D3-B5E8-53E83391B5B9}.Release|Win32.Build.0 = Release|Win32
	EndGlobalSection
	GlobalSection(SolutionProperties) = preSolution
		HideSolutionNode = FALSE
	EndGlobalSection
EndGlobal
